
Microsoft Visual Studio Solution File, Format Version 12.00
# Visual Studio Version 17
VisualStudioVersion = 17.6.33815.320
MinimumVisualStudioVersion = 10.0.40219.1
Project("{FAE04EC0-301F-11D3-BF4B-00C04F79EFBC}") = "phase1section4.11", "phase1section4.11.csproj", "{7F3863FD-7D59-4CC8-B800-42869770D0B9}"
EndProject
Global
	GlobalSection(SolutionConfigurationPlatforms) = preSolution
		Debug|Any CPU = Debug|Any CPU
		Release|Any CPU = Release|Any CPU
	EndGlobalSection
	GlobalSection(ProjectConfigurationPlatforms) = postSolution
		{7F3863FD-7D59-4CC8-B800-42869770D0B9}.Debug|Any CPU.ActiveCfg = Debug|Any CPU
		{7F3863FD-7D59-4CC8-B800-42869770D0B9}.Debug|Any CPU.Build.0 = Debug|Any CPU
		{7F3863FD-7D59-4CC8-B800-42869770D0B9}.Release|Any CPU.ActiveCfg = Release|Any CPU
		{7F3863FD-7D59-4CC8-B800-42869770D0B9}.Release|Any CPU.Build.0 = Release|Any CPU
	EndGlobalSection
	GlobalSection(SolutionProperties) = preSolution
		HideSolutionNode = FALSE
	EndGlobalSection
	GlobalSection(ExtensibilityGlobals) = postSolution
		SolutionGuid = {BF95806C-BECA-472D-B64D-B0F00B1D4E5B}
	EndGlobalSection
EndGlobal
